
Microsoft Visual Studio Solution File, Format Version 12.00
# Visual Studio 2013
VisualStudioVersion = 12.0.31101.0
MinimumVisualStudioVersion = 10.0.40219.1
Project("{FAE04EC0-301F-11D3-BF4B-00C04F79EFBC}") = "MessageReceiver", "MessageReceiver\MessageReceiver.csproj", "{C642CD5D-83AD-47D3-B36A-6A7C3E398A12}"
EndProject
Project("{FAE04EC0-301F-11D3-BF4B-00C04F79EFBC}") = "MessageSender", "MessageSender\MessageSender.csproj", "{2D89C53E-24CF-438A-98CB-5AC2DCB87CAC}"
EndProject
Project("{FAE04EC0-301F-11D3-BF4B-00C04F79EFBC}") = "MessageContracts", "MessageContracts\MessageContracts.csproj", "{B930227A-2C72-4A7C-B713-302097A4835A}"
EndProject
Project("{FAE04EC0-301F-11D3-BF4B-00C04F79EFBC}") = "InteropExtensions", "InteropExtensions\InteropExtensions.csproj", "{EFDE2C81-EBE2-4A78-BC2F-F1A1723BAA73}"
EndProject
Global
	GlobalSection(SolutionConfigurationPlatforms) = preSolution
		Debug|Any CPU = Debug|Any CPU
		Release|Any CPU = Release|Any CPU
	EndGlobalSection
	GlobalSection(ProjectConfigurationPlatforms) = postSolution
		{C642CD5D-83AD-47D3-B36A-6A7C3E398A12}.Debug|Any CPU.ActiveCfg = Debug|Any CPU
		{C642CD5D-83AD-47D3-B36A-6A7C3E398A12}.Debug|Any CPU.Build.0 = Debug|Any CPU
		{C642CD5D-83AD-47D3-B36A-6A7C3E398A12}.Release|Any CPU.ActiveCfg = Release|Any CPU
		{C642CD5D-83AD-47D3-B36A-6A7C3E398A12}.Release|Any CPU.Build.0 = Release|Any CPU
		{2D89C53E-24CF-438A-98CB-5AC2DCB87CAC}.Debug|Any CPU.ActiveCfg = Debug|Any CPU
		{2D89C53E-24CF-438A-98CB-5AC2DCB87CAC}.Debug|Any CPU.Build.0 = Debug|Any CPU
		{2D89C53E-24CF-438A-98CB-5AC2DCB87CAC}.Release|Any CPU.ActiveCfg = Release|Any CPU
		{2D89C53E-24CF-438A-98CB-5AC2DCB87CAC}.Release|Any CPU.Build.0 = Release|Any CPU
		{B930227A-2C72-4A7C-B713-302097A4835A}.Debug|Any CPU.ActiveCfg = Debug|Any CPU
		{B930227A-2C72-4A7C-B713-302097A4835A}.Debug|Any CPU.Build.0 = Debug|Any CPU
		{B930227A-2C72-4A7C-B713-302097A4835A}.Release|Any CPU.ActiveCfg = Release|Any CPU
		{B930227A-2C72-4A7C-B713-302097A4835A}.Release|Any CPU.Build.0 = Release|Any CPU
		{EFDE2C81-EBE2-4A78-BC2F-F1A1723BAA73}.Debug|Any CPU.ActiveCfg = Debug|Any CPU
		{EFDE2C81-EBE2-4A78-BC2F-F1A1723BAA73}.Debug|Any CPU.Build.0 = Debug|Any CPU
		{EFDE2C81-EBE2-4A78-BC2F-F1A1723BAA73}.Release|Any CPU.ActiveCfg = Release|Any CPU
		{EFDE2C81-EBE2-4A78-BC2F-F1A1723BAA73}.Release|Any CPU.Build.0 = Release|Any CPU
	EndGlobalSection
	GlobalSection(SolutionProperties) = preSolution
		HideSolutionNode = FALSE
	EndGlobalSection
EndGlobal
